
Microsoft Visual Studio Solution File, Format Version 12.00
# Visual Studio Version 17
VisualStudioVersion = 17.5.33530.505
MinimumVisualStudioVersion = 10.0.40219.1
Project("{9A19103F-16F7-4668-BE54-9A1E7A4F7556}") = "LINQ_Reimplement", "ConsoleApp1\LINQ_Reimplement.csproj", "{1E313837-1761-4114-8CD6-FD70C5016726}"
EndProject
Global
	GlobalSection(SolutionConfigurationPlatforms) = preSolution
		Debug|Any CPU = Debug|Any CPU
		Release|Any CPU = Release|Any CPU
	EndGlobalSection
	GlobalSection(ProjectConfigurationPlatforms) = postSolution
		{1E313837-1761-4114-8CD6-FD70C5016726}.Debug|Any CPU.ActiveCfg = Debug|Any CPU
		{1E313837-1761-4114-8CD6-FD70C5016726}.Debug|Any CPU.Build.0 = Debug|Any CPU
		{1E313837-1761-4114-8CD6-FD70C5016726}.Release|Any CPU.ActiveCfg = Release|Any CPU
		{1E313837-1761-4114-8CD6-FD70C5016726}.Release|Any CPU.Build.0 = Release|Any CPU
	EndGlobalSection
	GlobalSection(SolutionProperties) = preSolution
		HideSolutionNode = FALSE
	EndGlobalSection
	GlobalSection(ExtensibilityGlobals) = postSolution
		SolutionGuid = {4D8A3453-3B7D-4A12-963E-C03456CECD1C}
	EndGlobalSection
EndGlobal
