
Microsoft Visual Studio Solution File, Format Version 12.00
# Visual Studio Version 17
VisualStudioVersion = 17.5.33530.505
MinimumVisualStudioVersion = 10.0.40219.1
Project("{FAE04EC0-301F-11D3-BF4B-00C04F79EFBC}") = "Conversion_And_OperatorOverloading", "Conversion\Conversion_And_OperatorOverloading.csproj", "{73E13B85-EE1B-40CF-8660-BD25EE0C7F12}"
EndProject
Global
	GlobalSection(SolutionConfigurationPlatforms) = preSolution
		Debug|Any CPU = Debug|Any CPU
		Release|Any CPU = Release|Any CPU
	EndGlobalSection
	GlobalSection(ProjectConfigurationPlatforms) = postSolution
		{73E13B85-EE1B-40CF-8660-BD25EE0C7F12}.Debug|Any CPU.ActiveCfg = Debug|Any CPU
		{73E13B85-EE1B-40CF-8660-BD25EE0C7F12}.Debug|Any CPU.Build.0 = Debug|Any CPU
		{73E13B85-EE1B-40CF-8660-BD25EE0C7F12}.Release|Any CPU.ActiveCfg = Release|Any CPU
		{73E13B85-EE1B-40CF-8660-BD25EE0C7F12}.Release|Any CPU.Build.0 = Release|Any CPU
	EndGlobalSection
	GlobalSection(SolutionProperties) = preSolution
		HideSolutionNode = FALSE
	EndGlobalSection
	GlobalSection(ExtensibilityGlobals) = postSolution
		SolutionGuid = {9FF4F082-07DB-472E-A20D-233DDA438A47}
	EndGlobalSection
EndGlobal
